# THIS IS AN AUTOGENERATED FILE. DO NOT EDIT THIS FILE DIRECTLY.
# yarn lockfile v1


q@~1.0.1:
  version "1.0.1"
  resolved "https://registry.yarnpkg.com/q/-/q-1.0.1.tgz#11872aeedee89268110b10a718448ffb10112a14"

react-key-watcher@^0.0.2:
  version "0.0.2"
  resolved "https://registry.yarnpkg.com/react-key-watcher/-/react-key-watcher-0.0.2.tgz#4b22a1a590d90e1ff889ee51c4d64819d0e651c8"

react-smart-text@^0.1.1:
  version "0.1.2"
  resolved "https://registry.yarnpkg.com/react-smart-text/-/react-smart-text-0.1.2.tgz#343323ac837ee5dae8749747bd8571a1f35d65d5"

willy@1.0.3:
  version "1.0.3"
  resolved "https://registry.yarnpkg.com/willy/-/willy-1.0.3.tgz#95c1d09097c6fe3bf7fab0aad98fc7a490ff8cb1"
  dependencies:
    q "~1.0.1"
